// !$*UTF8*$!
{
	archiveVersion = 1;
	classes = {
	};
	objectVersion = 50;
	objects = {

/* Begin PBXBuildFile section */
		E55961542089BC3800C4C231 /* AppDelegate.m in Sources */ = {isa = PBXBuildFile; fileRef = E55961532089BC3800C4C231 /* AppDelegate.m */; };
		E55961572089BC3800C4C231 /* ViewController.m in Sources */ = {isa = PBXBuildFile; fileRef = E55961562089BC3800C4C231 /* ViewController.m */; };
		E559615A2089BC3800C4C231 /* Main.storyboard in Resources */ = {isa = PBXBuildFile; fileRef = E55961582089BC3800C4C231 /* Main.storyboard */; };
		E559615C2089BC3D00C4C231 /* Assets.xcassets in Resources */ = {isa = PBXBuildFile; fileRef = E559615B2089BC3D00C4C231 /* Assets.xcassets */; };
		E559615F2089BC3D00C4C231 /* LaunchScreen.storyboard in Resources */ = {isa = PBXBuildFile; fileRef = E559615D2089BC3D00C4C231 /* LaunchScreen.storyboard */; };
		E55961622089BC3D00C4C231 /* main.m in Sources */ = {isa = PBXBuildFile; fileRef = E55961612089BC3D00C4C231 /* main.m */; };
/* End PBXBuildFile section */

/* Begin PBXFileReference section */
		E559614F2089BC3800C4C231 /* YFPlayer.app */ = {isa = PBXFileReference; explicitFileType = wrapper.application; includeInIndex = 0; path = YFPlayer.app; sourceTree = BUILT_PRODUCTS_DIR; };
		E55961522089BC3800C4C231 /* AppDelegate.h */ = {isa = PBXFileReference; lastKnownFileType = sourcecode.c.h; path = AppDelegate.h; sourceTree = "<group>"; };
		E55961532089BC3800C4C231 /* AppDelegate.m */ = {isa = PBXFileReference; lastKnownFileType = sourcecode.c.objc; path = AppDelegate.m; sourceTree = "<group>"; };
		E55961552089BC3800C4C231 /* ViewController.h */ = {isa = PBXFileReference; lastKnownFileType = sourcecode.c.h; path = ViewController.h; sourceTree = "<group>"; };
		E55961562089BC3800C4C231 /* ViewController.m */ = {isa = PBXFileReference; lastKnownFileType = sourcecode.c.objc; path = ViewController.m; sourceTree = "<group>"; };
		E55961592089BC3800C4C231 /* Base */ = {isa = PBXFileReference; lastKnownFileType = file.storyboard; name = Base; path = Base.lproj/Main.storyboard; sourceTree = "<group>"; };
		E559615B2089BC3D00C4C231 /* Assets.xcassets */ = {isa = PBXFileReference; lastKnownFileType = folder.assetcatalog; path = Assets.xcassets; sourceTree = "<group>"; };
		E559615E2089BC3D00C4C231 /* Base */ = {isa = PBXFileReference; lastKnownFileType = file.storyboard; name = Base; path = Base.lproj/LaunchScreen.storyboard; sourceTree = "<group>"; };
		E55961602089BC3D00C4C231 /* Info.plist */ = {isa = PBXFileReference; lastKnownFileType = text.plist.xml; path = Info.plist; sourceTree = "<group>"; };
		E55961612089BC3D00C4C231 /* main.m */ = {isa = PBXFileReference; lastKnownFileType = sourcecode.c.objc; path = main.m; sourceTree = "<group>"; };
		E55961692089BEDC00C4C231 /* YFPlayerControlProtocol.h */ = {isa = PBXFileReference; lastKnownFileType = sourcecode.c.h; path = YFPlayerControlProtocol.h; sourceTree = "<group>"; };
/* End PBXFileReference section */

/* Begin PBXFrameworksBuildPhase section */
		E559614C2089BC3800C4C231 /* Frameworks */ = {
			isa = PBXFrameworksBuildPhase;
			buildActionMask = 2147483647;
			files = (
			);
			runOnlyForDeploymentPostprocessing = 0;
		};
/* End PBXFrameworksBuildPhase section */

/* Begin PBXGroup section */
		E55961462089BC3800C4C231 = {
			isa = PBXGroup;
			children = (
				E55961512089BC3800C4C231 /* YFPlayer */,
				E55961502089BC3800C4C231 /* Products */,
			);
			sourceTree = "<group>";
		};
		E55961502089BC3800C4C231 /* Products */ = {
			isa = PBXGroup;
			children = (
				E559614F2089BC3800C4C231 /* YFPlayer.app */,
			);
			name = Products;
			sourceTree = "<group>";
		};
		E55961512089BC3800C4C231 /* YFPlayer */ = {
			isa = PBXGroup;
			children = (
				E55961682089BDEE00C4C231 /* YFPlayer */,
				E55961522089BC3800C4C231 /* AppDelegate.h */,
				E55961532089BC3800C4C231 /* AppDelegate.m */,
				E55961552089BC3800C4C231 /* ViewController.h */,
				E55961562089BC3800C4C231 /* ViewController.m */,
				E55961582089BC3800C4C231 /* Main.storyboard */,
				E559615B2089BC3D00C4C231 /* Assets.xcassets */,
				E559615D2089BC3D00C4C231 /* LaunchScreen.storyboard */,
				E55961602089BC3D00C4C231 /* Info.plist */,
				E55961612089BC3D00C4C231 /* main.m */,
			);
			path = YFPlayer;
			sourceTree = "<group>";
		};
		E55961682089BDEE00C4C231 /* YFPlayer */ = {
			isa = PBXGroup;
			children = (
				E55961692089BEDC00C4C231 /* YFPlayerControlProtocol.h */,
			);
			path = YFPlayer;
			sourceTree = "<group>";
		};
/* End PBXGroup section */

/* Begin PBXNativeTarget section */
		E559614E2089BC3800C4C231 /* YFPlayer */ = {
			isa = PBXNativeTarget;
			buildConfigurationList = E55961652089BC3D00C4C231 /* Build configuration list for PBXNativeTarget "YFPlayer" */;
			buildPhases = (
				E559614B2089BC3800C4C231 /* Sources */,
				E559614C2089BC3800C4C231 /* Frameworks */,
				E559614D2089BC3800C4C231 /* Resources */,
			);
			buildRules = (
			);
			dependencies = (
			);
			name = YFPlayer;
			productName = YFPlayer;
			productReference = E559614F2089BC3800C4C231 /* YFPlayer.app */;
			productType = "com.apple.product-type.application";
		};
/* End PBXNativeTarget section */

/* Begin PBXProject section */
		E55961472089BC3800C4C231 /* Project object */ = {
			isa = PBXProject;
			attributes = {
				LastUpgradeCheck = 0930;
				ORGANIZATIONNAME = bflyT;
				TargetAttributes = {
					E559614E2089BC3800C4C231 = {
						CreatedOnToolsVersion = 9.3;
					};
				};
			};
			buildConfigurationList = E559614A2089BC3800C4C231 /* Build configuration list for PBXProject "YFPlayer" */;
			compatibilityVersion = "Xcode 9.3";
			developmentRegion = en;
			hasScannedForEncodings = 0;
			knownRegions = (
				en,
				Base,
			);
			mainGroup = E55961462089BC3800C4C231;
			productRefGroup = E55961502089BC3800C4C231 /* Products */;
			projectDirPath = "";
			projectRoot = "";
			targets = (
				E559614E2089BC3800C4C231 /* YFPlayer */,
			);
		};
/* End PBXProject section */

/* Begin PBXResourcesBuildPhase section */
		E559614D2089BC3800C4C231 /* Resources */ = {
			isa = PBXResourcesBuildPhase;
			buildActionMask = 2147483647;
			files = (
				E559615F2089BC3D00C4C231 /* LaunchScreen.storyboard in Resources */,
				E559615C2089BC3D00C4C231 /* Assets.xcassets in Resources */,
				E559615A2089BC3800C4C231 /* Main.storyboard in Resources */,
			);
			runOnlyForDeploymentPostprocessing = 0;
		};
/* End PBXResourcesBuildPhase section */

/* Begin PBXSourcesBuildPhase section */
		E559614B2089BC3800C4C231 /* Sources */ = {
			isa = PBXSourcesBuildPhase;
			buildActionMask = 2147483647;
			files = (
				E55961572089BC3800C4C231 /* ViewController.m in Sources */,
				E55961622089BC3D00C4C231 /* main.m in Sources */,
				E55961542089BC3800C4C231 /* AppDelegate.m in Sources */,
			);
			runOnlyForDeploymentPostprocessing = 0;
		};
/* End PBXSourcesBuildPhase section */

/* Begin PBXVariantGroup section */
		E55961582089BC3800C4C231 /* Main.storyboard */ = {
			isa = PBXVariantGroup;
			children = (
				E55961592089BC3800C4C231 /* Base */,
			);
			name = Main.storyboard;
			sourceTree = "<group>";
		};
		E559615D2089BC3D00C4C231 /* LaunchScreen.storyboard */ = {
			isa = PBXVariantGroup;
			children = (
				E559615E2089BC3D00C4C231 /* Base */,
			);
			name = LaunchScreen.storyboard;
			sourceTree = "<group>";
		};
/* End PBXVariantGroup section */

/* Begin XCBuildConfiguration section */
		E55961632089BC3D00C4C231 /* Debug */ = {
			isa = XCBuildConfiguration;
			buildSettings = {
				ALWAYS_SEARCH_USER_PATHS = NO;
				CLANG_ANALYZER_NONNULL = YES;
				CLANG_ANALYZER_NUMBER_OBJECT_CONVERSION = YES_AGGRESSIVE;
				CLANG_CXX_LANGUAGE_STANDARD = "gnu++14";
				CLANG_CXX_LIBRARY = "libc++";
				CLANG_ENABLE_MODULES = YES;
				CLANG_ENABLE_OBJC_ARC = YES;
				CLANG_ENABLE_OBJC_WEAK = YES;
				CLANG_WARN_BLOCK_CAPTURE_AUTORELEASING = YES;
				CLANG_WARN_BOOL_CONVERSION = YES;
				CLANG_WARN_COMMA = YES;
				CLANG_WARN_CONSTANT_CONVERSION = YES;
				CLANG_WARN_DEPRECATED_OBJC_IMPLEMENTATIONS = YES;
				CLANG_WARN_DIRECT_OBJC_ISA_USAGE = YES_ERROR;
				CLANG_WARN_DOCUMENTATION_COMMENTS = YES;
				CLANG_WARN_EMPTY_BODY = YES;
				CLANG_WARN_ENUM_CONVERSION = YES;
				CLANG_WARN_INFINITE_RECURSION = YES;
				CLANG_WARN_INT_CONVERSION = YES;
				CLANG_WARN_NON_LITERAL_NULL_CONVERSION = YES;
				CLANG_WARN_OBJC_IMPLICIT_RETAIN_SELF = YES;
				CLANG_WARN_OBJC_LITERAL_CONVERSION = YES;
				CLANG_WARN_OBJC_ROOT_CLASS = YES_ERROR;
				CLANG_WARN_RANGE_LOOP_ANALYSIS = YES;
				CLANG_WARN_STRICT_PROTOTYPES = YES;
				CLANG_WARN_SUSPICIOUS_MOVE = YES;
				CLANG_WARN_UNGUARDED_AVAILABILITY = YES_AGGRESSIVE;
				CLANG_WARN_UNREACHABLE_CODE = YES;
				CLANG_WARN__DUPLICATE_METHOD_MATCH = YES;
				CODE_SIGN_IDENTITY = "iPhone Developer";
				COPY_PHASE_STRIP = NO;
				DEBUG_INFORMATION_FORMAT = dwarf;
				ENABLE_STRICT_OBJC_MSGSEND = YES;
				ENABLE_TESTABILITY = YES;
				GCC_C_LANGUAGE_STANDARD = gnu11;
				GCC_DYNAMIC_NO_PIC = NO;
				GCC_NO_COMMON_BLOCKS = YES;
				GCC_OPTIMIZATION_LEVEL = 0;
				GCC_PREPROCESSOR_DEFINITIONS = (
					"DEBUG=1",
					"$(inherited)",
				);
				GCC_WARN_64_TO_32_BIT_CONVERSION = YES;
				GCC_WARN_ABOUT_RETURN_TYPE = YES_ERROR;
				GCC_WARN_UNDECLARED_SELECTOR = YES;
				GCC_WARN_UNINITIALIZED_AUTOS = YES_AGGRESSIVE;
				GCC_WARN_UNUSED_FUNCTION = YES;
				GCC_WARN_UNUSED_VARIABLE = YES;
				IPHONEOS_DEPLOYMENT_TARGET = 11.3;
				MTL_ENABLE_DEBUG_INFO = YES;
				ONLY_ACTIVE_ARCH = YES;
				SDKROOT = iphoneos;
			};
			name = Debug;
		};
		E55961642089BC3D00C4C231 /* Release */ = {
			isa = XCBuildConfiguration;
			buildSettings = {
				ALWAYS_SEARCH_USER_PATHS = NO;
				CLANG_ANALYZER_NONNULL = YES;
				CLANG_ANALYZER_NUMBER_OBJECT_CONVERSION = YES_AGGRESSIVE;
				CLANG_CXX_LANGUAGE_STANDARD = "gnu++14";
				CLANG_CXX_LIBRARY = "libc++";
				CLANG_ENABLE_MODULES = YES;
				CLANG_ENABLE_OBJC_ARC = YES;
				CLANG_ENABLE_OBJC_WEAK = YES;
				CLANG_WARN_BLOCK_CAPTURE_AUTORELEASING = YES;
				CLANG_WARN_BOOL_CONVERSION = YES;
				CLANG_WARN_COMMA = YES;
				CLANG_WARN_CONSTANT_CONVERSION = YES;
				CLANG_WARN_DEPRECATED_OBJC_IMPLEMENTATIONS = YES;
				CLANG_WARN_DIRECT_OBJC_ISA_USAGE = YES_ERROR;
				CLANG_WARN_DOCUMENTATION_COMMENTS = YES;
				CLANG_WARN_EMPTY_BODY = YES;
				CLANG_WARN_ENUM_CONVERSION = YES;
				CLANG_WARN_INFINITE_RECURSION = YES;
				CLANG_WARN_INT_CONVERSION = YES;
				CLANG_WARN_NON_LITERAL_NULL_CONVERSION = YES;
				CLANG_WARN_OBJC_IMPLICIT_RETAIN_SELF = YES;
				CLANG_WARN_OBJC_LITERAL_CONVERSION = YES;
				CLANG_WARN_OBJC_ROOT_CLASS = YES_ERROR;
				CLANG_WARN_RANGE_LOOP_ANALYSIS = YES;
				CLANG_WARN_STRICT_PROTOTYPES = YES;
				CLANG_WARN_SUSPICIOUS_MOVE = YES;
				CLANG_WARN_UNGUARDED_AVAILABILITY = YES_AGGRESSIVE;
				CLANG_WARN_UNREACHABLE_CODE = YES;
				CLANG_WARN__DUPLICATE_METHOD_MATCH = YES;
				CODE_SIGN_IDENTITY = "iPhone Developer";
				COPY_PHASE_STRIP = NO;
				DEBUG_INFORMATION_FORMAT = "dwarf-with-dsym";
				ENABLE_NS_ASSERTIONS = NO;
				ENABLE_STRICT_OBJC_MSGSEND = YES;
				GCC_C_LANGUAGE_STANDARD = gnu11;
				GCC_NO_COMMON_BLOCKS = YES;
				GCC_WARN_64_TO_32_BIT_CONVERSION = YES;
				GCC_WARN_ABOUT_RETURN_TYPE = YES_ERROR;
				GCC_WARN_UNDECLARED_SELECTOR = YES;
				GCC_WARN_UNINITIALIZED_AUTOS = YES_AGGRESSIVE;
				GCC_WARN_UNUSED_FUNCTION = YES;
				GCC_WARN_UNUSED_VARIABLE = YES;
				IPHONEOS_DEPLOYMENT_TARGET = 11.3;
				MTL_ENABLE_DEBUG_INFO = NO;
				SDKROOT = iphoneos;
				VALIDATE_PRODUCT = YES;
			};
			name = Release;
		};
		E55961662089BC3D00C4C231 /* Debug */ = {
			isa = XCBuildConfiguration;
			buildSettings = {
				ASSETCATALOG_COMPILER_APPICON_NAME = AppIcon;
				CODE_SIGN_STYLE = Automatic;
				INFOPLIST_FILE = YFPlayer/Info.plist;
				LD_RUNPATH_SEARCH_PATHS = (
					"$(inherited)",
					"@executable_path/Frameworks",
				);
				PRODUCT_BUNDLE_IDENTIFIER = bflyT.YFPlayer;
				PRODUCT_NAME = "$(TARGET_NAME)";
				TARGETED_DEVICE_FAMILY = "1,2";
			};
			name = Debug;
		};
		E55961672089BC3D00C4C231 /* Release */ = {
			isa = XCBuildConfiguration;
			buildSettings = {
				ASSETCATALOG_COMPILER_APPICON_NAME = AppIcon;
				CODE_SIGN_STYLE = Automatic;
				INFOPLIST_FILE = YFPlayer/Info.plist;
				LD_RUNPATH_SEARCH_PATHS = (
					"$(inherited)",
					"@executable_path/Frameworks",
				);
				PRODUCT_BUNDLE_IDENTIFIER = bflyT.YFPlayer;
				PRODUCT_NAME = "$(TARGET_NAME)";
				TARGETED_DEVICE_FAMILY = "1,2";
			};
			name = Release;
		};
/* End XCBuildConfiguration section */

/* Begin XCConfigurationList section */
		E559614A2089BC3800C4C231 /* Build configuration list for PBXProject "YFPlayer" */ = {
			isa = XCConfigurationList;
			buildConfigurations = (
				E55961632089BC3D00C4C231 /* Debug */,
				E55961642089BC3D00C4C231 /* Release */,
			);
			defaultConfigurationIsVisible = 0;
			defaultConfigurationName = Release;
		};
		E55961652089BC3D00C4C231 /* Build configuration list for PBXNativeTarget "YFPlayer" */ = {
			isa = XCConfigurationList;
			buildConfigurations = (
				E55961662089BC3D00C4C231 /* Debug */,
				E55961672089BC3D00C4C231 /* Release */,
			);
			defaultConfigurationIsVisible = 0;
			defaultConfigurationName = Release;
		};
/* End XCConfigurationList section */
	};
	rootObject = E55961472089BC3800C4C231 /* Project object */;
}
